{
  "name": "payment-qrcode",
  "version": "0.0.10",
  "lockfileVersion": 1,
  "requires": true,
  "dependencies": {
    "yhtml5-utils": {
      "version": "0.0.3",
      "resolved": "https://registry.npmjs.org/yhtml5-utils/-/yhtml5-utils-0.0.3.tgz",
      "integrity": "sha512-4/LGgx6s10IAujNeEt02O8FNF8yJ8qiLwn8MhxgNR1knGrBicW0vi97PIoODt1l6sFhblpgeHGYF/JWX+oZlsg=="
    }
  }
}
